
Microsoft Visual Studio Solution File, Format Version 12.00
# Visual Studio Version 16
VisualStudioVersion = 16.0.30717.126
MinimumVisualStudioVersion = 10.0.40219.1
Project("{9A19103F-16F7-4668-BE54-9A1E7A4F7556}") = "Day1Solver", "Day1Solver\Day1Solver.csproj", "{9791DB57-3BAA-4A35-B3FE-8C1E1D543D36}"
EndProject
Project("{9A19103F-16F7-4668-BE54-9A1E7A4F7556}") = "Day1SolverTests", "Day1SolverTests\Day1SolverTests.csproj", "{11CD3BBA-EA7A-4B15-9279-A36F1E4B8841}"
EndProject
Project("{2150E333-8FDC-42A3-9474-1A3956D46DE8}") = "Tests", "Tests", "{631E9F94-CBB3-47C8-A747-45907008D383}"
EndProject
Project("{9A19103F-16F7-4668-BE54-9A1E7A4F7556}") = "Day2Solver", "Day2Solver\Day2Solver.csproj", "{AF532078-C2BD-4C01-8578-950B886DEEA7}"
EndProject
Project("{9A19103F-16F7-4668-BE54-9A1E7A4F7556}") = "Day2SolverTests", "Day2SolverTests\Day2SolverTests.csproj", "{835D3F05-D95B-40F8-8C66-AFCCA9B95656}"
EndProject
Project("{9A19103F-16F7-4668-BE54-9A1E7A4F7556}") = "Day3Solver", "Day3Solver\Day3Solver.csproj", "{BE7CC9FB-34C9-4966-B3CE-71887D2CA511}"
EndProject
Project("{9A19103F-16F7-4668-BE54-9A1E7A4F7556}") = "Day3SolverTests", "Day3SolverTests\Day3SolverTests.csproj", "{C703B0BC-28B9-478E-BBB1-7B7FB6046674}"
EndProject
Project("{9A19103F-16F7-4668-BE54-9A1E7A4F7556}") = "Day4Solver", "Day4Solver\Day4Solver.csproj", "{B1374CA7-484D-4C00-AAB5-2CABEADE86BE}"
EndProject
Project("{9A19103F-16F7-4668-BE54-9A1E7A4F7556}") = "Day4SolverTests", "Day4SolverTests\Day4SolverTests.csproj", "{4A7DB624-3005-471D-9BCB-6DD08214F392}"
EndProject
Project("{9A19103F-16F7-4668-BE54-9A1E7A4F7556}") = "Day5Solver", "Day5Solver\Day5Solver.csproj", "{70F135BC-AF7A-4788-850B-024C070E13B2}"
EndProject
Project("{9A19103F-16F7-4668-BE54-9A1E7A4F7556}") = "Day5SolverTests", "Day5SolverTests\Day5SolverTests.csproj", "{C6E2C740-1A80-45DF-987B-C8922B4FE7DB}"
EndProject
Project("{9A19103F-16F7-4668-BE54-9A1E7A4F7556}") = "Day6SolverTests", "Day6SolverTests\Day6SolverTests.csproj", "{87FE41ED-5A3B-455D-9DF2-FAAFC991C5D9}"
EndProject
Project("{9A19103F-16F7-4668-BE54-9A1E7A4F7556}") = "Day6Solver", "Day6Solver\Day6Solver.csproj", "{A7F083DB-E5B9-4962-8825-650F1F25C674}"
EndProject
Project("{9A19103F-16F7-4668-BE54-9A1E7A4F7556}") = "Day7SolverTests", "Day7SolverTests\Day7SolverTests.csproj", "{DC373D9F-4BF8-4FE2-8087-7333F240D20C}"
EndProject
Project("{9A19103F-16F7-4668-BE54-9A1E7A4F7556}") = "Day7Solver", "Day7Solver\Day7Solver.csproj", "{13A3F568-2FEF-4A58-BD71-361E1C0A1A5A}"
EndProject
Project("{9A19103F-16F7-4668-BE54-9A1E7A4F7556}") = "Day8SolverTests", "Day8SolverTests\Day8SolverTests.csproj", "{59DE963B-2260-4A2A-94E1-D0431952E27E}"
EndProject
Project("{9A19103F-16F7-4668-BE54-9A1E7A4F7556}") = "Day8Solver", "Day8Solver\Day8Solver.csproj", "{8B208208-8A09-4191-AA46-37E5E5625742}"
EndProject
Global
	GlobalSection(SolutionConfigurationPlatforms) = preSolution
		Debug|Any CPU = Debug|Any CPU
		Release|Any CPU = Release|Any CPU
	EndGlobalSection
	GlobalSection(ProjectConfigurationPlatforms) = postSolution
		{9791DB57-3BAA-4A35-B3FE-8C1E1D543D36}.Debug|Any CPU.ActiveCfg = Debug|Any CPU
		{9791DB57-3BAA-4A35-B3FE-8C1E1D543D36}.Debug|Any CPU.Build.0 = Debug|Any CPU
		{9791DB57-3BAA-4A35-B3FE-8C1E1D543D36}.Release|Any CPU.ActiveCfg = Release|Any CPU
		{9791DB57-3BAA-4A35-B3FE-8C1E1D543D36}.Release|Any CPU.Build.0 = Release|Any CPU
		{11CD3BBA-EA7A-4B15-9279-A36F1E4B8841}.Debug|Any CPU.ActiveCfg = Debug|Any CPU
		{11CD3BBA-EA7A-4B15-9279-A36F1E4B8841}.Debug|Any CPU.Build.0 = Debug|Any CPU
		{11CD3BBA-EA7A-4B15-9279-A36F1E4B8841}.Release|Any CPU.ActiveCfg = Release|Any CPU
		{11CD3BBA-EA7A-4B15-9279-A36F1E4B8841}.Release|Any CPU.Build.0 = Release|Any CPU
		{AF532078-C2BD-4C01-8578-950B886DEEA7}.Debug|Any CPU.ActiveCfg = Debug|Any CPU
		{AF532078-C2BD-4C01-8578-950B886DEEA7}.Debug|Any CPU.Build.0 = Debug|Any CPU
		{AF532078-C2BD-4C01-8578-950B886DEEA7}.Release|Any CPU.ActiveCfg = Release|Any CPU
		{AF532078-C2BD-4C01-8578-950B886DEEA7}.Release|Any CPU.Build.0 = Release|Any CPU
		{835D3F05-D95B-40F8-8C66-AFCCA9B95656}.Debug|Any CPU.ActiveCfg = Debug|Any CPU
		{835D3F05-D95B-40F8-8C66-AFCCA9B95656}.Debug|Any CPU.Build.0 = Debug|Any CPU
		{835D3F05-D95B-40F8-8C66-AFCCA9B95656}.Release|Any CPU.ActiveCfg = Release|Any CPU
		{835D3F05-D95B-40F8-8C66-AFCCA9B95656}.Release|Any CPU.Build.0 = Release|Any CPU
		{BE7CC9FB-34C9-4966-B3CE-71887D2CA511}.Debug|Any CPU.ActiveCfg = Debug|Any CPU
		{BE7CC9FB-34C9-4966-B3CE-71887D2CA511}.Debug|Any CPU.Build.0 = Debug|Any CPU
		{BE7CC9FB-34C9-4966-B3CE-71887D2CA511}.Release|Any CPU.ActiveCfg = Release|Any CPU
		{BE7CC9FB-34C9-4966-B3CE-71887D2CA511}.Release|Any CPU.Build.0 = Release|Any CPU
		{C703B0BC-28B9-478E-BBB1-7B7FB6046674}.Debug|Any CPU.ActiveCfg = Debug|Any CPU
		{C703B0BC-28B9-478E-BBB1-7B7FB6046674}.Debug|Any CPU.Build.0 = Debug|Any CPU
		{C703B0BC-28B9-478E-BBB1-7B7FB6046674}.Release|Any CPU.ActiveCfg = Release|Any CPU
		{C703B0BC-28B9-478E-BBB1-7B7FB6046674}.Release|Any CPU.Build.0 = Release|Any CPU
		{B1374CA7-484D-4C00-AAB5-2CABEADE86BE}.Debug|Any CPU.ActiveCfg = Debug|Any CPU
		{B1374CA7-484D-4C00-AAB5-2CABEADE86BE}.Debug|Any CPU.Build.0 = Debug|Any CPU
		{B1374CA7-484D-4C00-AAB5-2CABEADE86BE}.Release|Any CPU.ActiveCfg = Release|Any CPU
		{B1374CA7-484D-4C00-AAB5-2CABEADE86BE}.Release|Any CPU.Build.0 = Release|Any CPU
		{4A7DB624-3005-471D-9BCB-6DD08214F392}.Debug|Any CPU.ActiveCfg = Debug|Any CPU
		{4A7DB624-3005-471D-9BCB-6DD08214F392}.Debug|Any CPU.Build.0 = Debug|Any CPU
		{4A7DB624-3005-471D-9BCB-6DD08214F392}.Release|Any CPU.ActiveCfg = Release|Any CPU
		{4A7DB624-3005-471D-9BCB-6DD08214F392}.Release|Any CPU.Build.0 = Release|Any CPU
		{70F135BC-AF7A-4788-850B-024C070E13B2}.Debug|Any CPU.ActiveCfg = Debug|Any CPU
		{70F135BC-AF7A-4788-850B-024C070E13B2}.Debug|Any CPU.Build.0 = Debug|Any CPU
		{70F135BC-AF7A-4788-850B-024C070E13B2}.Release|Any CPU.ActiveCfg = Release|Any CPU
		{70F135BC-AF7A-4788-850B-024C070E13B2}.Release|Any CPU.Build.0 = Release|Any CPU
		{C6E2C740-1A80-45DF-987B-C8922B4FE7DB}.Debug|Any CPU.ActiveCfg = Debug|Any CPU
		{C6E2C740-1A80-45DF-987B-C8922B4FE7DB}.Debug|Any CPU.Build.0 = Debug|Any CPU
		{C6E2C740-1A80-45DF-987B-C8922B4FE7DB}.Release|Any CPU.ActiveCfg = Release|Any CPU
		{C6E2C740-1A80-45DF-987B-C8922B4FE7DB}.Release|Any CPU.Build.0 = Release|Any CPU
		{87FE41ED-5A3B-455D-9DF2-FAAFC991C5D9}.Debug|Any CPU.ActiveCfg = Debug|Any CPU
		{87FE41ED-5A3B-455D-9DF2-FAAFC991C5D9}.Debug|Any CPU.Build.0 = Debug|Any CPU
		{87FE41ED-5A3B-455D-9DF2-FAAFC991C5D9}.Release|Any CPU.ActiveCfg = Release|Any CPU
		{87FE41ED-5A3B-455D-9DF2-FAAFC991C5D9}.Release|Any CPU.Build.0 = Release|Any CPU
		{A7F083DB-E5B9-4962-8825-650F1F25C674}.Debug|Any CPU.ActiveCfg = Debug|Any CPU
		{A7F083DB-E5B9-4962-8825-650F1F25C674}.Debug|Any CPU.Build.0 = Debug|Any CPU
		{A7F083DB-E5B9-4962-8825-650F1F25C674}.Release|Any CPU.ActiveCfg = Release|Any CPU
		{A7F083DB-E5B9-4962-8825-650F1F25C674}.Release|Any CPU.Build.0 = Release|Any CPU
		{DC373D9F-4BF8-4FE2-8087-7333F240D20C}.Debug|Any CPU.ActiveCfg = Debug|Any CPU
		{DC373D9F-4BF8-4FE2-8087-7333F240D20C}.Debug|Any CPU.Build.0 = Debug|Any CPU
		{DC373D9F-4BF8-4FE2-8087-7333F240D20C}.Release|Any CPU.ActiveCfg = Release|Any CPU
		{DC373D9F-4BF8-4FE2-8087-7333F240D20C}.Release|Any CPU.Build.0 = Release|Any CPU
		{13A3F568-2FEF-4A58-BD71-361E1C0A1A5A}.Debug|Any CPU.ActiveCfg = Debug|Any CPU
		{13A3F568-2FEF-4A58-BD71-361E1C0A1A5A}.Debug|Any CPU.Build.0 = Debug|Any CPU
		{13A3F568-2FEF-4A58-BD71-361E1C0A1A5A}.Release|Any CPU.ActiveCfg = Release|Any CPU
		{13A3F568-2FEF-4A58-BD71-361E1C0A1A5A}.Release|Any CPU.Build.0 = Release|Any CPU
		{59DE963B-2260-4A2A-94E1-D0431952E27E}.Debug|Any CPU.ActiveCfg = Debug|Any CPU
		{59DE963B-2260-4A2A-94E1-D0431952E27E}.Debug|Any CPU.Build.0 = Debug|Any CPU
		{59DE963B-2260-4A2A-94E1-D0431952E27E}.Release|Any CPU.ActiveCfg = Release|Any CPU
		{59DE963B-2260-4A2A-94E1-D0431952E27E}.Release|Any CPU.Build.0 = Release|Any CPU
		{8B208208-8A09-4191-AA46-37E5E5625742}.Debug|Any CPU.ActiveCfg = Debug|Any CPU
		{8B208208-8A09-4191-AA46-37E5E5625742}.Debug|Any CPU.Build.0 = Debug|Any CPU
		{8B208208-8A09-4191-AA46-37E5E5625742}.Release|Any CPU.ActiveCfg = Release|Any CPU
		{8B208208-8A09-4191-AA46-37E5E5625742}.Release|Any CPU.Build.0 = Release|Any CPU
	EndGlobalSection
	GlobalSection(SolutionProperties) = preSolution
		HideSolutionNode = FALSE
	EndGlobalSection
	GlobalSection(NestedProjects) = preSolution
		{11CD3BBA-EA7A-4B15-9279-A36F1E4B8841} = {631E9F94-CBB3-47C8-A747-45907008D383}
		{835D3F05-D95B-40F8-8C66-AFCCA9B95656} = {631E9F94-CBB3-47C8-A747-45907008D383}
		{C703B0BC-28B9-478E-BBB1-7B7FB6046674} = {631E9F94-CBB3-47C8-A747-45907008D383}
		{4A7DB624-3005-471D-9BCB-6DD08214F392} = {631E9F94-CBB3-47C8-A747-45907008D383}
		{C6E2C740-1A80-45DF-987B-C8922B4FE7DB} = {631E9F94-CBB3-47C8-A747-45907008D383}
		{87FE41ED-5A3B-455D-9DF2-FAAFC991C5D9} = {631E9F94-CBB3-47C8-A747-45907008D383}
		{DC373D9F-4BF8-4FE2-8087-7333F240D20C} = {631E9F94-CBB3-47C8-A747-45907008D383}
		{59DE963B-2260-4A2A-94E1-D0431952E27E} = {631E9F94-CBB3-47C8-A747-45907008D383}
	EndGlobalSection
	GlobalSection(ExtensibilityGlobals) = postSolution
		SolutionGuid = {FD4B8095-46DC-495B-98B3-71E6ADE25CE2}
	EndGlobalSection
EndGlobal
